
Microsoft Visual Studio Solution File, Format Version 12.00
# Visual Studio Version 17
VisualStudioVersion = 17.10.35013.160
MinimumVisualStudioVersion = 10.0.40219.1
Project("{FAE04EC0-301F-11D3-BF4B-00C04F79EFBC}") = "TWIL1", "TWIL1\TWIL1.csproj", "{3154E83E-C557-459F-A0E5-125E37E8AF5F}"
EndProject
Global
	GlobalSection(SolutionConfigurationPlatforms) = preSolution
		Debug|Any CPU = Debug|Any CPU
		Release|Any CPU = Release|Any CPU
	EndGlobalSection
	GlobalSection(ProjectConfigurationPlatforms) = postSolution
		{3154E83E-C557-459F-A0E5-125E37E8AF5F}.Debug|Any CPU.ActiveCfg = Debug|Any CPU
		{3154E83E-C557-459F-A0E5-125E37E8AF5F}.Debug|Any CPU.Build.0 = Debug|Any CPU
		{3154E83E-C557-459F-A0E5-125E37E8AF5F}.Release|Any CPU.ActiveCfg = Release|Any CPU
		{3154E83E-C557-459F-A0E5-125E37E8AF5F}.Release|Any CPU.Build.0 = Release|Any CPU
	EndGlobalSection
	GlobalSection(SolutionProperties) = preSolution
		HideSolutionNode = FALSE
	EndGlobalSection
	GlobalSection(ExtensibilityGlobals) = postSolution
		SolutionGuid = {E1B90DD4-A66B-4783-9FAD-C1031C60B2CB}
	EndGlobalSection
EndGlobal
